
Microsoft Visual Studio Solution File, Format Version 12.00
# Visual Studio Version 17
VisualStudioVersion = 17.12.35506.116 d17.12
MinimumVisualStudioVersion = 10.0.40219.1
Project("{FAE04EC0-301F-11D3-BF4B-00C04F79EFBC}") = "AniDroid", "AniDroid\AniDroid.csproj", "{D5000D70-B266-4CEF-8F12-957FA96F13FF}"
EndProject
Project("{FAE04EC0-301F-11D3-BF4B-00C04F79EFBC}") = "AniDroid.Torrent", "AniDroid.Torrent\AniDroid.Torrent.csproj", "{39E90300-579F-4387-BE45-F7F0CA6FF390}"
EndProject
Project("{FAE04EC0-301F-11D3-BF4B-00C04F79EFBC}") = "AniDroid.AniList", "AniDroid.AniList\AniDroid.AniList.csproj", "{791AF4ED-2694-40E7-BA03-250EA43FE83F}"
EndProject
Global
	GlobalSection(SolutionConfigurationPlatforms) = preSolution
		Debug|Any CPU = Debug|Any CPU
		Release|Any CPU = Release|Any CPU
	EndGlobalSection
	GlobalSection(ProjectConfigurationPlatforms) = postSolution
		{D5000D70-B266-4CEF-8F12-957FA96F13FF}.Debug|Any CPU.ActiveCfg = Debug|Any CPU
		{D5000D70-B266-4CEF-8F12-957FA96F13FF}.Debug|Any CPU.Build.0 = Debug|Any CPU
		{D5000D70-B266-4CEF-8F12-957FA96F13FF}.Debug|Any CPU.Deploy.0 = Debug|Any CPU
		{D5000D70-B266-4CEF-8F12-957FA96F13FF}.Release|Any CPU.ActiveCfg = Release|Any CPU
		{D5000D70-B266-4CEF-8F12-957FA96F13FF}.Release|Any CPU.Build.0 = Release|Any CPU
		{D5000D70-B266-4CEF-8F12-957FA96F13FF}.Release|Any CPU.Deploy.0 = Release|Any CPU
		{39E90300-579F-4387-BE45-F7F0CA6FF390}.Debug|Any CPU.ActiveCfg = Debug|Any CPU
		{39E90300-579F-4387-BE45-F7F0CA6FF390}.Debug|Any CPU.Build.0 = Debug|Any CPU
		{39E90300-579F-4387-BE45-F7F0CA6FF390}.Release|Any CPU.ActiveCfg = Release|Any CPU
		{39E90300-579F-4387-BE45-F7F0CA6FF390}.Release|Any CPU.Build.0 = Release|Any CPU
		{791AF4ED-2694-40E7-BA03-250EA43FE83F}.Debug|Any CPU.ActiveCfg = Debug|Any CPU
		{791AF4ED-2694-40E7-BA03-250EA43FE83F}.Debug|Any CPU.Build.0 = Debug|Any CPU
		{791AF4ED-2694-40E7-BA03-250EA43FE83F}.Release|Any CPU.ActiveCfg = Release|Any CPU
		{791AF4ED-2694-40E7-BA03-250EA43FE83F}.Release|Any CPU.Build.0 = Release|Any CPU
	EndGlobalSection
	GlobalSection(SolutionProperties) = preSolution
		HideSolutionNode = FALSE
	EndGlobalSection
EndGlobal
